
Microsoft Visual Studio Solution File, Format Version 12.00
# Visual Studio Version 16
VisualStudioVersion = 16.0.31112.23
MinimumVisualStudioVersion = 10.0.40219.1
Project("{FAE04EC0-301F-11D3-BF4B-00C04F79EFBC}") = "UT", "UT.csproj", "{05E3D8F3-41AA-4821-9DDF-BC670B7A53EE}"
EndProject
Global
	GlobalSection(SolutionConfigurationPlatforms) = preSolution
		Debug|Any CPU = Debug|Any CPU
		Release|Any CPU = Release|Any CPU
	EndGlobalSection
	GlobalSection(ProjectConfigurationPlatforms) = postSolution
		{05E3D8F3-41AA-4821-9DDF-BC670B7A53EE}.Debug|Any CPU.ActiveCfg = Debug|Any CPU
		{05E3D8F3-41AA-4821-9DDF-BC670B7A53EE}.Debug|Any CPU.Build.0 = Debug|Any CPU
		{05E3D8F3-41AA-4821-9DDF-BC670B7A53EE}.Release|Any CPU.ActiveCfg = Release|Any CPU
		{05E3D8F3-41AA-4821-9DDF-BC670B7A53EE}.Release|Any CPU.Build.0 = Release|Any CPU
	EndGlobalSection
	GlobalSection(SolutionProperties) = preSolution
		HideSolutionNode = FALSE
	EndGlobalSection
	GlobalSection(ExtensibilityGlobals) = postSolution
		SolutionGuid = {E2D2E44A-C1A2-4BB6-9EE3-97D3DC1F9853}
	EndGlobalSection
EndGlobal
